
Microsoft Visual Studio Solution File, Format Version 12.00
# Visual Studio Version 17
VisualStudioVersion = 17.0.32112.339
MinimumVisualStudioVersion = 10.0.40219.1
Project("{FAE04EC0-301F-11D3-BF4B-00C04F79EFBC}") = "M7CarManager", "M7CarManager\M7CarManager.csproj", "{9EEF464C-98CE-49F8-96A8-85C68D71FDD8}"
EndProject
Project("{FAE04EC0-301F-11D3-BF4B-00C04F79EFBC}") = "M7CarClientWpf", "M7CarClientWpf\M7CarClientWpf.csproj", "{AA24D268-34F1-4490-B390-2FA9D1270158}"
EndProject
Global
	GlobalSection(SolutionConfigurationPlatforms) = preSolution
		Debug|Any CPU = Debug|Any CPU
		Release|Any CPU = Release|Any CPU
	EndGlobalSection
	GlobalSection(ProjectConfigurationPlatforms) = postSolution
		{9EEF464C-98CE-49F8-96A8-85C68D71FDD8}.Debug|Any CPU.ActiveCfg = Debug|Any CPU
		{9EEF464C-98CE-49F8-96A8-85C68D71FDD8}.Debug|Any CPU.Build.0 = Debug|Any CPU
		{9EEF464C-98CE-49F8-96A8-85C68D71FDD8}.Release|Any CPU.ActiveCfg = Release|Any CPU
		{9EEF464C-98CE-49F8-96A8-85C68D71FDD8}.Release|Any CPU.Build.0 = Release|Any CPU
		{AA24D268-34F1-4490-B390-2FA9D1270158}.Debug|Any CPU.ActiveCfg = Debug|Any CPU
		{AA24D268-34F1-4490-B390-2FA9D1270158}.Debug|Any CPU.Build.0 = Debug|Any CPU
		{AA24D268-34F1-4490-B390-2FA9D1270158}.Release|Any CPU.ActiveCfg = Release|Any CPU
		{AA24D268-34F1-4490-B390-2FA9D1270158}.Release|Any CPU.Build.0 = Release|Any CPU
	EndGlobalSection
	GlobalSection(SolutionProperties) = preSolution
		HideSolutionNode = FALSE
	EndGlobalSection
	GlobalSection(ExtensibilityGlobals) = postSolution
		SolutionGuid = {E93509DD-A39D-4292-84FA-9C1D7C12C565}
	EndGlobalSection
EndGlobal
